
Microsoft Visual Studio Solution File, Format Version 11.00
# Visual Studio 2010
Project("{FAE04EC0-301F-11D3-BF4B-00C04F79EFBC}") = "SOC.Web", "SOC.Web\SOC.Web.csproj", "{98C61358-C6AB-42FB-BA7D-87A7EEE16B1E}"
EndProject
Project("{FAE04EC0-301F-11D3-BF4B-00C04F79EFBC}") = "SOC.Entities", "SOC.Entities\SOC.Entities.csproj", "{77446EA9-E96F-4CBB-B05E-B927C24405BD}"
EndProject
Project("{FAE04EC0-301F-11D3-BF4B-00C04F79EFBC}") = "SOC.Repositories", "SOC.Repositories\SOC.Repositories.csproj", "{F04950CB-7C08-4986-8A0F-4161A6BFC0D0}"
EndProject
Project("{FAE04EC0-301F-11D3-BF4B-00C04F79EFBC}") = "SOC.Library", "SOC.Library\SOC.Library.csproj", "{C340ADDC-8ECC-4562-BB7C-83173B895F79}"
EndProject
Project("{FAE04EC0-301F-11D3-BF4B-00C04F79EFBC}") = "SOC.Web.Static", "SOC.Web.Static\SOC.Web.Static.csproj", "{4880BA3D-8C98-4E77-9033-C588FFE7E79D}"
EndProject
Project("{FAE04EC0-301F-11D3-BF4B-00C04F79EFBC}") = "SOC.Util", "SOC.Util\SOC.Util.csproj", "{C3944D4C-B7C6-4032-AB28-9799C4EF6F35}"
EndProject
Project("{FAE04EC0-301F-11D3-BF4B-00C04F79EFBC}") = "SOC.ThirdParty", "SOC.ThirdParty\SOC.ThirdParty.csproj", "{96332139-4BF6-4387-B2BC-53A63D2A06B3}"
EndProject
Project("{C8D11400-126E-41CD-887F-60BD40844F9E}") = "SOC.Data", "SOC.Data\SOC.Data.dbproj", "{67CBC824-A49E-4E9B-A947-360F3DFE65C3}"
EndProject
Global
	GlobalSection(SolutionConfigurationPlatforms) = preSolution
		Debug|Any CPU = Debug|Any CPU
		Local|Any CPU = Local|Any CPU
		Prod|Any CPU = Prod|Any CPU
		QA|Any CPU = QA|Any CPU
		Release|Any CPU = Release|Any CPU
	EndGlobalSection
	GlobalSection(ProjectConfigurationPlatforms) = postSolution
		{98C61358-C6AB-42FB-BA7D-87A7EEE16B1E}.Debug|Any CPU.ActiveCfg = Debug|Any CPU
		{98C61358-C6AB-42FB-BA7D-87A7EEE16B1E}.Debug|Any CPU.Build.0 = Debug|Any CPU
		{98C61358-C6AB-42FB-BA7D-87A7EEE16B1E}.Local|Any CPU.ActiveCfg = Local|Any CPU
		{98C61358-C6AB-42FB-BA7D-87A7EEE16B1E}.Local|Any CPU.Build.0 = Local|Any CPU
		{98C61358-C6AB-42FB-BA7D-87A7EEE16B1E}.Prod|Any CPU.ActiveCfg = Prod|Any CPU
		{98C61358-C6AB-42FB-BA7D-87A7EEE16B1E}.Prod|Any CPU.Build.0 = Prod|Any CPU
		{98C61358-C6AB-42FB-BA7D-87A7EEE16B1E}.QA|Any CPU.ActiveCfg = QA|Any CPU
		{98C61358-C6AB-42FB-BA7D-87A7EEE16B1E}.QA|Any CPU.Build.0 = QA|Any CPU
		{98C61358-C6AB-42FB-BA7D-87A7EEE16B1E}.Release|Any CPU.ActiveCfg = Release|Any CPU
		{98C61358-C6AB-42FB-BA7D-87A7EEE16B1E}.Release|Any CPU.Build.0 = Release|Any CPU
		{77446EA9-E96F-4CBB-B05E-B927C24405BD}.Debug|Any CPU.ActiveCfg = Debug|Any CPU
		{77446EA9-E96F-4CBB-B05E-B927C24405BD}.Debug|Any CPU.Build.0 = Debug|Any CPU
		{77446EA9-E96F-4CBB-B05E-B927C24405BD}.Local|Any CPU.ActiveCfg = Local|Any CPU
		{77446EA9-E96F-4CBB-B05E-B927C24405BD}.Local|Any CPU.Build.0 = Local|Any CPU
		{77446EA9-E96F-4CBB-B05E-B927C24405BD}.Prod|Any CPU.ActiveCfg = Prod|Any CPU
		{77446EA9-E96F-4CBB-B05E-B927C24405BD}.Prod|Any CPU.Build.0 = Prod|Any CPU
		{77446EA9-E96F-4CBB-B05E-B927C24405BD}.QA|Any CPU.ActiveCfg = QA|Any CPU
		{77446EA9-E96F-4CBB-B05E-B927C24405BD}.QA|Any CPU.Build.0 = QA|Any CPU
		{77446EA9-E96F-4CBB-B05E-B927C24405BD}.Release|Any CPU.ActiveCfg = Release|Any CPU
		{77446EA9-E96F-4CBB-B05E-B927C24405BD}.Release|Any CPU.Build.0 = Release|Any CPU
		{F04950CB-7C08-4986-8A0F-4161A6BFC0D0}.Debug|Any CPU.ActiveCfg = Debug|Any CPU
		{F04950CB-7C08-4986-8A0F-4161A6BFC0D0}.Debug|Any CPU.Build.0 = Debug|Any CPU
		{F04950CB-7C08-4986-8A0F-4161A6BFC0D0}.Local|Any CPU.ActiveCfg = Local|Any CPU
		{F04950CB-7C08-4986-8A0F-4161A6BFC0D0}.Local|Any CPU.Build.0 = Local|Any CPU
		{F04950CB-7C08-4986-8A0F-4161A6BFC0D0}.Prod|Any CPU.ActiveCfg = Prod|Any CPU
		{F04950CB-7C08-4986-8A0F-4161A6BFC0D0}.Prod|Any CPU.Build.0 = Prod|Any CPU
		{F04950CB-7C08-4986-8A0F-4161A6BFC0D0}.QA|Any CPU.ActiveCfg = QA|Any CPU
		{F04950CB-7C08-4986-8A0F-4161A6BFC0D0}.QA|Any CPU.Build.0 = QA|Any CPU
		{F04950CB-7C08-4986-8A0F-4161A6BFC0D0}.Release|Any CPU.ActiveCfg = Release|Any CPU
		{F04950CB-7C08-4986-8A0F-4161A6BFC0D0}.Release|Any CPU.Build.0 = Release|Any CPU
		{C340ADDC-8ECC-4562-BB7C-83173B895F79}.Debug|Any CPU.ActiveCfg = Debug|Any CPU
		{C340ADDC-8ECC-4562-BB7C-83173B895F79}.Debug|Any CPU.Build.0 = Debug|Any CPU
		{C340ADDC-8ECC-4562-BB7C-83173B895F79}.Local|Any CPU.ActiveCfg = Local|Any CPU
		{C340ADDC-8ECC-4562-BB7C-83173B895F79}.Local|Any CPU.Build.0 = Local|Any CPU
		{C340ADDC-8ECC-4562-BB7C-83173B895F79}.Prod|Any CPU.ActiveCfg = Prod|Any CPU
		{C340ADDC-8ECC-4562-BB7C-83173B895F79}.Prod|Any CPU.Build.0 = Prod|Any CPU
		{C340ADDC-8ECC-4562-BB7C-83173B895F79}.QA|Any CPU.ActiveCfg = QA|Any CPU
		{C340ADDC-8ECC-4562-BB7C-83173B895F79}.QA|Any CPU.Build.0 = QA|Any CPU
		{C340ADDC-8ECC-4562-BB7C-83173B895F79}.Release|Any CPU.ActiveCfg = Release|Any CPU
		{C340ADDC-8ECC-4562-BB7C-83173B895F79}.Release|Any CPU.Build.0 = Release|Any CPU
		{4880BA3D-8C98-4E77-9033-C588FFE7E79D}.Debug|Any CPU.ActiveCfg = Debug|Any CPU
		{4880BA3D-8C98-4E77-9033-C588FFE7E79D}.Debug|Any CPU.Build.0 = Debug|Any CPU
		{4880BA3D-8C98-4E77-9033-C588FFE7E79D}.Local|Any CPU.ActiveCfg = Local|Any CPU
		{4880BA3D-8C98-4E77-9033-C588FFE7E79D}.Local|Any CPU.Build.0 = Local|Any CPU
		{4880BA3D-8C98-4E77-9033-C588FFE7E79D}.Prod|Any CPU.ActiveCfg = Prod|Any CPU
		{4880BA3D-8C98-4E77-9033-C588FFE7E79D}.Prod|Any CPU.Build.0 = Prod|Any CPU
		{4880BA3D-8C98-4E77-9033-C588FFE7E79D}.QA|Any CPU.ActiveCfg = QA|Any CPU
		{4880BA3D-8C98-4E77-9033-C588FFE7E79D}.QA|Any CPU.Build.0 = QA|Any CPU
		{4880BA3D-8C98-4E77-9033-C588FFE7E79D}.Release|Any CPU.ActiveCfg = Release|Any CPU
		{4880BA3D-8C98-4E77-9033-C588FFE7E79D}.Release|Any CPU.Build.0 = Release|Any CPU
		{C3944D4C-B7C6-4032-AB28-9799C4EF6F35}.Debug|Any CPU.ActiveCfg = Debug|Any CPU
		{C3944D4C-B7C6-4032-AB28-9799C4EF6F35}.Debug|Any CPU.Build.0 = Debug|Any CPU
		{C3944D4C-B7C6-4032-AB28-9799C4EF6F35}.Local|Any CPU.ActiveCfg = Release|Any CPU
		{C3944D4C-B7C6-4032-AB28-9799C4EF6F35}.Local|Any CPU.Build.0 = Release|Any CPU
		{C3944D4C-B7C6-4032-AB28-9799C4EF6F35}.Prod|Any CPU.ActiveCfg = Release|Any CPU
		{C3944D4C-B7C6-4032-AB28-9799C4EF6F35}.Prod|Any CPU.Build.0 = Release|Any CPU
		{C3944D4C-B7C6-4032-AB28-9799C4EF6F35}.QA|Any CPU.ActiveCfg = Release|Any CPU
		{C3944D4C-B7C6-4032-AB28-9799C4EF6F35}.QA|Any CPU.Build.0 = Release|Any CPU
		{C3944D4C-B7C6-4032-AB28-9799C4EF6F35}.Release|Any CPU.ActiveCfg = Release|Any CPU
		{C3944D4C-B7C6-4032-AB28-9799C4EF6F35}.Release|Any CPU.Build.0 = Release|Any CPU
		{96332139-4BF6-4387-B2BC-53A63D2A06B3}.Debug|Any CPU.ActiveCfg = Debug|Any CPU
		{96332139-4BF6-4387-B2BC-53A63D2A06B3}.Debug|Any CPU.Build.0 = Debug|Any CPU
		{96332139-4BF6-4387-B2BC-53A63D2A06B3}.Local|Any CPU.ActiveCfg = Release|Any CPU
		{96332139-4BF6-4387-B2BC-53A63D2A06B3}.Local|Any CPU.Build.0 = Release|Any CPU
		{96332139-4BF6-4387-B2BC-53A63D2A06B3}.Prod|Any CPU.ActiveCfg = Release|Any CPU
		{96332139-4BF6-4387-B2BC-53A63D2A06B3}.Prod|Any CPU.Build.0 = Release|Any CPU
		{96332139-4BF6-4387-B2BC-53A63D2A06B3}.QA|Any CPU.ActiveCfg = Release|Any CPU
		{96332139-4BF6-4387-B2BC-53A63D2A06B3}.QA|Any CPU.Build.0 = Release|Any CPU
		{96332139-4BF6-4387-B2BC-53A63D2A06B3}.Release|Any CPU.ActiveCfg = Release|Any CPU
		{96332139-4BF6-4387-B2BC-53A63D2A06B3}.Release|Any CPU.Build.0 = Release|Any CPU
		{67CBC824-A49E-4E9B-A947-360F3DFE65C3}.Debug|Any CPU.ActiveCfg = Debug|Any CPU
		{67CBC824-A49E-4E9B-A947-360F3DFE65C3}.Debug|Any CPU.Build.0 = Debug|Any CPU
		{67CBC824-A49E-4E9B-A947-360F3DFE65C3}.Debug|Any CPU.Deploy.0 = Debug|Any CPU
		{67CBC824-A49E-4E9B-A947-360F3DFE65C3}.Local|Any CPU.ActiveCfg = Debug|Any CPU
		{67CBC824-A49E-4E9B-A947-360F3DFE65C3}.Local|Any CPU.Build.0 = Debug|Any CPU
		{67CBC824-A49E-4E9B-A947-360F3DFE65C3}.Local|Any CPU.Deploy.0 = Debug|Any CPU
		{67CBC824-A49E-4E9B-A947-360F3DFE65C3}.Prod|Any CPU.ActiveCfg = Debug|Any CPU
		{67CBC824-A49E-4E9B-A947-360F3DFE65C3}.Prod|Any CPU.Build.0 = Debug|Any CPU
		{67CBC824-A49E-4E9B-A947-360F3DFE65C3}.Prod|Any CPU.Deploy.0 = Debug|Any CPU
		{67CBC824-A49E-4E9B-A947-360F3DFE65C3}.QA|Any CPU.ActiveCfg = Debug|Any CPU
		{67CBC824-A49E-4E9B-A947-360F3DFE65C3}.QA|Any CPU.Build.0 = Debug|Any CPU
		{67CBC824-A49E-4E9B-A947-360F3DFE65C3}.QA|Any CPU.Deploy.0 = Debug|Any CPU
		{67CBC824-A49E-4E9B-A947-360F3DFE65C3}.Release|Any CPU.ActiveCfg = Release|Any CPU
		{67CBC824-A49E-4E9B-A947-360F3DFE65C3}.Release|Any CPU.Build.0 = Release|Any CPU
		{67CBC824-A49E-4E9B-A947-360F3DFE65C3}.Release|Any CPU.Deploy.0 = Release|Any CPU
	EndGlobalSection
	GlobalSection(SolutionProperties) = preSolution
		HideSolutionNode = FALSE
	EndGlobalSection
EndGlobal
